
Microsoft Visual Studio Solution File, Format Version 12.00
# Visual Studio 14
VisualStudioVersion = 14.0.25420.1
MinimumVisualStudioVersion = 10.0.40219.1
Project("{8BC9CEB8-8B4A-11D0-8D11-00A0C91BC942}") = "LegacyDrv", "Kernel\LegacyDrv\LegacyDrv.vcxproj", "{564098AE-D9E4-41B7-A594-E2C5FB94AF07}"
	ProjectSection(ProjectDependencies) = postProject
		{AC8598CE-FFEF-4A45-9B61-C92C5C188F90} = {AC8598CE-FFEF-4A45-9B61-C92C5C188F90}
	EndProjectSection
EndProject
Project("{8BC9CEB8-8B4A-11D0-8D11-00A0C91BC942}") = "WdfDrv", "Kernel\WdfDrv\WdfDrv.vcxproj", "{1ABCB898-AD5E-4DD2-B423-A622ABF65D44}"
EndProject
Project("{8BC9CEB8-8B4A-11D0-8D11-00A0C91BC942}") = "ClientApp", "User\ClientApp\ClientApp.vcxproj", "{1A080382-A9D1-4420-AD6D-5AACEF6F8F01}"
	ProjectSection(ProjectDependencies) = postProject
		{55A39723-73AE-4B99-AD3A-EFC1A3CFC381} = {55A39723-73AE-4B99-AD3A-EFC1A3CFC381}
	EndProjectSection
EndProject
Project("{2150E333-8FDC-42A3-9474-1A3956D46DE8}") = "Kernel", "Kernel", "{81EC980C-1E7A-4562-8BFD-DBCD8B80D101}"
EndProject
Project("{2150E333-8FDC-42A3-9474-1A3956D46DE8}") = "User", "User", "{93AFFFFB-A271-40A5-9A2B-3062FA4B7122}"
EndProject
Project("{2150E333-8FDC-42A3-9474-1A3956D46DE8}") = "Drv", "Drv", "{2BC1F945-1680-466E-8732-CF80DC611B3E}"
EndProject
Project("{2150E333-8FDC-42A3-9474-1A3956D46DE8}") = "App", "App", "{6D2337A9-18D8-470E-8CC1-F1E4F787F726}"
EndProject
Project("{8BC9CEB8-8B4A-11D0-8D11-00A0C91BC942}") = "NdfCommKm", "Kernel\NdfCommKm\NdfCommKm.vcxproj", "{AC8598CE-FFEF-4A45-9B61-C92C5C188F90}"
EndProject
Project("{8BC9CEB8-8B4A-11D0-8D11-00A0C91BC942}") = "NdfCommUm", "User\NdfCommUm\NdfCommUm.vcxproj", "{55A39723-73AE-4B99-AD3A-EFC1A3CFC381}"
EndProject
Global
	GlobalSection(SolutionConfigurationPlatforms) = preSolution
		Debug|x64 = Debug|x64
		Debug|x86 = Debug|x86
		Release|x64 = Release|x64
		Release|x86 = Release|x86
	EndGlobalSection
	GlobalSection(ProjectConfigurationPlatforms) = postSolution
		{564098AE-D9E4-41B7-A594-E2C5FB94AF07}.Debug|x64.ActiveCfg = Debug|x64
		{564098AE-D9E4-41B7-A594-E2C5FB94AF07}.Debug|x64.Build.0 = Debug|x64
		{564098AE-D9E4-41B7-A594-E2C5FB94AF07}.Debug|x64.Deploy.0 = Debug|x64
		{564098AE-D9E4-41B7-A594-E2C5FB94AF07}.Debug|x86.ActiveCfg = Debug|Win32
		{564098AE-D9E4-41B7-A594-E2C5FB94AF07}.Debug|x86.Build.0 = Debug|Win32
		{564098AE-D9E4-41B7-A594-E2C5FB94AF07}.Debug|x86.Deploy.0 = Debug|Win32
		{564098AE-D9E4-41B7-A594-E2C5FB94AF07}.Release|x64.ActiveCfg = Release|x64
		{564098AE-D9E4-41B7-A594-E2C5FB94AF07}.Release|x64.Build.0 = Release|x64
		{564098AE-D9E4-41B7-A594-E2C5FB94AF07}.Release|x64.Deploy.0 = Release|x64
		{564098AE-D9E4-41B7-A594-E2C5FB94AF07}.Release|x86.ActiveCfg = Release|Win32
		{564098AE-D9E4-41B7-A594-E2C5FB94AF07}.Release|x86.Build.0 = Release|Win32
		{564098AE-D9E4-41B7-A594-E2C5FB94AF07}.Release|x86.Deploy.0 = Release|Win32
		{1ABCB898-AD5E-4DD2-B423-A622ABF65D44}.Debug|x64.ActiveCfg = Debug|x64
		{1ABCB898-AD5E-4DD2-B423-A622ABF65D44}.Debug|x86.ActiveCfg = Debug|Win32
		{1ABCB898-AD5E-4DD2-B423-A622ABF65D44}.Release|x64.ActiveCfg = Release|x64
		{1ABCB898-AD5E-4DD2-B423-A622ABF65D44}.Release|x86.ActiveCfg = Release|Win32
		{1A080382-A9D1-4420-AD6D-5AACEF6F8F01}.Debug|x64.ActiveCfg = Debug|x64
		{1A080382-A9D1-4420-AD6D-5AACEF6F8F01}.Debug|x64.Build.0 = Debug|x64
		{1A080382-A9D1-4420-AD6D-5AACEF6F8F01}.Debug|x64.Deploy.0 = Debug|x64
		{1A080382-A9D1-4420-AD6D-5AACEF6F8F01}.Debug|x86.ActiveCfg = Debug|Win32
		{1A080382-A9D1-4420-AD6D-5AACEF6F8F01}.Debug|x86.Build.0 = Debug|Win32
		{1A080382-A9D1-4420-AD6D-5AACEF6F8F01}.Debug|x86.Deploy.0 = Debug|Win32
		{1A080382-A9D1-4420-AD6D-5AACEF6F8F01}.Release|x64.ActiveCfg = Release|x64
		{1A080382-A9D1-4420-AD6D-5AACEF6F8F01}.Release|x64.Build.0 = Release|x64
		{1A080382-A9D1-4420-AD6D-5AACEF6F8F01}.Release|x64.Deploy.0 = Release|x64
		{1A080382-A9D1-4420-AD6D-5AACEF6F8F01}.Release|x86.ActiveCfg = Release|Win32
		{1A080382-A9D1-4420-AD6D-5AACEF6F8F01}.Release|x86.Build.0 = Release|Win32
		{1A080382-A9D1-4420-AD6D-5AACEF6F8F01}.Release|x86.Deploy.0 = Release|Win32
		{AC8598CE-FFEF-4A45-9B61-C92C5C188F90}.Debug|x64.ActiveCfg = Debug|x64
		{AC8598CE-FFEF-4A45-9B61-C92C5C188F90}.Debug|x64.Build.0 = Debug|x64
		{AC8598CE-FFEF-4A45-9B61-C92C5C188F90}.Debug|x64.Deploy.0 = Debug|x64
		{AC8598CE-FFEF-4A45-9B61-C92C5C188F90}.Debug|x86.ActiveCfg = Debug|Win32
		{AC8598CE-FFEF-4A45-9B61-C92C5C188F90}.Debug|x86.Build.0 = Debug|Win32
		{AC8598CE-FFEF-4A45-9B61-C92C5C188F90}.Debug|x86.Deploy.0 = Debug|Win32
		{AC8598CE-FFEF-4A45-9B61-C92C5C188F90}.Release|x64.ActiveCfg = Release|x64
		{AC8598CE-FFEF-4A45-9B61-C92C5C188F90}.Release|x64.Build.0 = Release|x64
		{AC8598CE-FFEF-4A45-9B61-C92C5C188F90}.Release|x64.Deploy.0 = Release|x64
		{AC8598CE-FFEF-4A45-9B61-C92C5C188F90}.Release|x86.ActiveCfg = Release|Win32
		{AC8598CE-FFEF-4A45-9B61-C92C5C188F90}.Release|x86.Build.0 = Release|Win32
		{AC8598CE-FFEF-4A45-9B61-C92C5C188F90}.Release|x86.Deploy.0 = Release|Win32
		{55A39723-73AE-4B99-AD3A-EFC1A3CFC381}.Debug|x64.ActiveCfg = Debug|x64
		{55A39723-73AE-4B99-AD3A-EFC1A3CFC381}.Debug|x64.Build.0 = Debug|x64
		{55A39723-73AE-4B99-AD3A-EFC1A3CFC381}.Debug|x86.ActiveCfg = Debug|Win32
		{55A39723-73AE-4B99-AD3A-EFC1A3CFC381}.Debug|x86.Build.0 = Debug|Win32
		{55A39723-73AE-4B99-AD3A-EFC1A3CFC381}.Release|x64.ActiveCfg = Release|x64
		{55A39723-73AE-4B99-AD3A-EFC1A3CFC381}.Release|x64.Build.0 = Release|x64
		{55A39723-73AE-4B99-AD3A-EFC1A3CFC381}.Release|x86.ActiveCfg = Release|Win32
		{55A39723-73AE-4B99-AD3A-EFC1A3CFC381}.Release|x86.Build.0 = Release|Win32
	EndGlobalSection
	GlobalSection(SolutionProperties) = preSolution
		HideSolutionNode = FALSE
	EndGlobalSection
	GlobalSection(NestedProjects) = preSolution
		{564098AE-D9E4-41B7-A594-E2C5FB94AF07} = {2BC1F945-1680-466E-8732-CF80DC611B3E}
		{1ABCB898-AD5E-4DD2-B423-A622ABF65D44} = {2BC1F945-1680-466E-8732-CF80DC611B3E}
		{1A080382-A9D1-4420-AD6D-5AACEF6F8F01} = {6D2337A9-18D8-470E-8CC1-F1E4F787F726}
		{2BC1F945-1680-466E-8732-CF80DC611B3E} = {81EC980C-1E7A-4562-8BFD-DBCD8B80D101}
		{6D2337A9-18D8-470E-8CC1-F1E4F787F726} = {93AFFFFB-A271-40A5-9A2B-3062FA4B7122}
		{AC8598CE-FFEF-4A45-9B61-C92C5C188F90} = {81EC980C-1E7A-4562-8BFD-DBCD8B80D101}
		{55A39723-73AE-4B99-AD3A-EFC1A3CFC381} = {93AFFFFB-A271-40A5-9A2B-3062FA4B7122}
	EndGlobalSection
EndGlobal
