<?xml version="1.0" encoding="utf-8"?>
<Project ToolsVersion="4.0" xmlns="http://schemas.microsoft.com/developer/msbuild/2003">
  <ItemGroup>
    <Filter Include="Source Files">
      <UniqueIdentifier>{4FC737F1-C7A5-4376-A066-2A32D752A2FF}</UniqueIdentifier>
      <Extensions>cpp;c;cc;cxx;def;odl;idl;hpj;bat;asm;asmx</Extensions>
    </Filter>
    <Filter Include="Header Files">
      <UniqueIdentifier>{93995380-89BD-4b04-88EB-625FBE52EBFB}</UniqueIdentifier>
      <Extensions>h;hpp;hxx;hm;inl;inc;xsd</Extensions>
    </Filter>
    <Filter Include="Header Files\Private">
      <UniqueIdentifier>{e041a650-4863-4b8f-b888-3236e635698f}</UniqueIdentifier>
    </Filter>
    <Filter Include="Header Files\Private\Shared">
      <UniqueIdentifier>{4e35e757-00e5-415e-9228-6f71679d9f3b}</UniqueIdentifier>
    </Filter>
    <Filter Include="Header Files\Public">
      <UniqueIdentifier>{924eb5ee-2111-489f-a47b-59337e2e4349}</UniqueIdentifier>
    </Filter>
  </ItemGroup>
  <ItemGroup>
    <ClInclude Include="inc\public\NdfCommKm.h">
      <Filter>Header Files\Public</Filter>
    </ClInclude>
    <ClInclude Include="inc\private\NdfCommUtils.h">
      <Filter>Header Files\Private</Filter>
    </ClInclude>
    <ClInclude Include="inc\private\NdfCommMemory.h">
      <Filter>Header Files\Private</Filter>
    </ClInclude>
    <ClInclude Include="inc\private\NdfCommGlobalData.h">
      <Filter>Header Files\Private</Filter>
    </ClInclude>
    <ClInclude Include="inc\private\NdfCommClient.h">
      <Filter>Header Files\Private</Filter>
    </ClInclude>
    <ClInclude Include="..\..\Shared\private\NdfCommShared.h">
      <Filter>Header Files\Private\Shared</Filter>
    </ClInclude>
    <ClInclude Include="inc\private\NdfCommConcurentList.h">
      <Filter>Header Files\Private</Filter>
    </ClInclude>
    <ClInclude Include="inc\private\NdfCommDispatch.h">
      <Filter>Header Files\Private</Filter>
    </ClInclude>
    <ClInclude Include="inc\private\NdfCommMessage.h">
      <Filter>Header Files\Private</Filter>
    </ClInclude>
  </ItemGroup>
  <ItemGroup>
    <ClCompile Include="src\NdfCommInit.c">
      <Filter>Source Files</Filter>
    </ClCompile>
    <ClCompile Include="src\NdfCommUtils.c">
      <Filter>Source Files</Filter>
    </ClCompile>
    <ClCompile Include="src\NdfCommClient.c">
      <Filter>Source Files</Filter>
    </ClCompile>
    <ClCompile Include="src\NdfCommDispatch.c">
      <Filter>Source Files</Filter>
    </ClCompile>
    <ClCompile Include="src\NdfCommMessage.c">
      <Filter>Source Files</Filter>
    </ClCompile>
  </ItemGroup>
</Project>